
Microsoft Visual Studio Solution File, Format Version 12.00
# Visual Studio Version 17
VisualStudioVersion = 17.7.34302.85
MinimumVisualStudioVersion = 10.0.40219.1
Project("{9A19103F-16F7-4668-BE54-9A1E7A4F7556}") = "UserRegistration.Server", "UserRegistration\Server\UserRegistration.Server.csproj", "{6729C3F3-D24D-4903-ABA4-BA703C016A30}"
EndProject
Project("{9A19103F-16F7-4668-BE54-9A1E7A4F7556}") = "UserRegistration.Client", "UserRegistration\Client\UserRegistration.Client.csproj", "{CDDF481B-893E-4C51-B55A-10F948C7D3D1}"
EndProject
Project("{9A19103F-16F7-4668-BE54-9A1E7A4F7556}") = "UserRegistration.Shared", "UserRegistration\Shared\UserRegistration.Shared.csproj", "{1975868D-C91A-4FDB-8D60-E95303539609}"
EndProject
Global
	GlobalSection(SolutionConfigurationPlatforms) = preSolution
		Debug|Any CPU = Debug|Any CPU
		Release|Any CPU = Release|Any CPU
	EndGlobalSection
	GlobalSection(ProjectConfigurationPlatforms) = postSolution
		{6729C3F3-D24D-4903-ABA4-BA703C016A30}.Debug|Any CPU.ActiveCfg = Debug|Any CPU
		{6729C3F3-D24D-4903-ABA4-BA703C016A30}.Debug|Any CPU.Build.0 = Debug|Any CPU
		{6729C3F3-D24D-4903-ABA4-BA703C016A30}.Release|Any CPU.ActiveCfg = Release|Any CPU
		{6729C3F3-D24D-4903-ABA4-BA703C016A30}.Release|Any CPU.Build.0 = Release|Any CPU
		{CDDF481B-893E-4C51-B55A-10F948C7D3D1}.Debug|Any CPU.ActiveCfg = Debug|Any CPU
		{CDDF481B-893E-4C51-B55A-10F948C7D3D1}.Debug|Any CPU.Build.0 = Debug|Any CPU
		{CDDF481B-893E-4C51-B55A-10F948C7D3D1}.Release|Any CPU.ActiveCfg = Release|Any CPU
		{CDDF481B-893E-4C51-B55A-10F948C7D3D1}.Release|Any CPU.Build.0 = Release|Any CPU
		{1975868D-C91A-4FDB-8D60-E95303539609}.Debug|Any CPU.ActiveCfg = Debug|Any CPU
		{1975868D-C91A-4FDB-8D60-E95303539609}.Debug|Any CPU.Build.0 = Debug|Any CPU
		{1975868D-C91A-4FDB-8D60-E95303539609}.Release|Any CPU.ActiveCfg = Release|Any CPU
		{1975868D-C91A-4FDB-8D60-E95303539609}.Release|Any CPU.Build.0 = Release|Any CPU
	EndGlobalSection
	GlobalSection(SolutionProperties) = preSolution
		HideSolutionNode = FALSE
	EndGlobalSection
	GlobalSection(ExtensibilityGlobals) = postSolution
		SolutionGuid = {001668FC-8B4D-4A7D-96DD-DBDC60FC5A64}
	EndGlobalSection
EndGlobal
